Microsoft Visual Studio Solution File, Format Version 12.00
# Visual Studio 2012
Project("{FAE04EC0-301F-11D3-BF4B-00C04F79EFBC}") = "Zombie RTS 2D", "Zombie RTS 2D.csproj", "{F329E561-C607-46AA-8EF7-FC3E21F3B3DB}"
EndProject
Global
	GlobalSection(SolutionConfigurationPlatforms) = preSolution
	Debug|Any CPU = Debug|Any CPU
	ExportDebug|Any CPU = ExportDebug|Any CPU
	ExportRelease|Any CPU = ExportRelease|Any CPU
	EndGlobalSection
	GlobalSection(ProjectConfigurationPlatforms) = postSolution
		{F329E561-C607-46AA-8EF7-FC3E21F3B3DB}.Debug|Any CPU.ActiveCfg = Debug|Any CPU
		{F329E561-C607-46AA-8EF7-FC3E21F3B3DB}.Debug|Any CPU.Build.0 = Debug|Any CPU
		{F329E561-C607-46AA-8EF7-FC3E21F3B3DB}.ExportDebug|Any CPU.ActiveCfg = ExportDebug|Any CPU
		{F329E561-C607-46AA-8EF7-FC3E21F3B3DB}.ExportDebug|Any CPU.Build.0 = ExportDebug|Any CPU
		{F329E561-C607-46AA-8EF7-FC3E21F3B3DB}.ExportRelease|Any CPU.ActiveCfg = ExportRelease|Any CPU
		{F329E561-C607-46AA-8EF7-FC3E21F3B3DB}.ExportRelease|Any CPU.Build.0 = ExportRelease|Any CPU
	EndGlobalSection
EndGlobal
